
Microsoft Visual Studio Solution File, Format Version 12.00
# Visual Studio Version 16
VisualStudioVersion = 16.0.30011.22
MinimumVisualStudioVersion = 10.0.40219.1
Project("{FAE04EC0-301F-11D3-BF4B-00C04F79EFBC}") = "OpenBullet2", "OpenBullet2\OpenBullet2.csproj", "{C8482002-F594-4C28-9C46-960B036540A8}"
EndProject
Global
	GlobalSection(SolutionConfigurationPlatforms) = preSolution
		Debug|Any CPU = Debug|Any CPU
		Release|Any CPU = Release|Any CPU
	EndGlobalSection
	GlobalSection(ProjectConfigurationPlatforms) = postSolution
		{C8482002-F594-4C28-9C46-960B036540A8}.Debug|Any CPU.ActiveCfg = Debug|Any CPU
		{C8482002-F594-4C28-9C46-960B036540A8}.Debug|Any CPU.Build.0 = Debug|Any CPU
		{C8482002-F594-4C28-9C46-960B036540A8}.Release|Any CPU.ActiveCfg = Release|Any CPU
		{C8482002-F594-4C28-9C46-960B036540A8}.Release|Any CPU.Build.0 = Release|Any CPU
	EndGlobalSection
	GlobalSection(SolutionProperties) = preSolution
		HideSolutionNode = FALSE
	EndGlobalSection
	GlobalSection(ExtensibilityGlobals) = postSolution
		SolutionGuid = {CE51A9B4-88EC-49CE-9F08-C9AB0F4355AD}
	EndGlobalSection
EndGlobal
